
Microsoft Visual Studio Solution File, Format Version 12.00
# Visual Studio Version 17
VisualStudioVersion = 17.8.34525.116
MinimumVisualStudioVersion = 10.0.40219.1
Project("{FAE04EC0-301F-11D3-BF4B-00C04F79EFBC}") = "RabitMqProductAPI", "RabitMqProductAPI.csproj", "{EA1920C4-903A-43CB-B07C-13097C2011AD}"
EndProject
Project("{FAE04EC0-301F-11D3-BF4B-00C04F79EFBC}") = "RabbitMQProduct.ConsoleApplication", "RabbitMQProduct.ConsoleApplication\RabbitMQProduct.ConsoleApplication.csproj", "{C42A2987-6C43-4ACD-B3A8-AE9539CB58C5}"
EndProject
Global
	GlobalSection(SolutionConfigurationPlatforms) = preSolution
		Debug|Any CPU = Debug|Any CPU
		Release|Any CPU = Release|Any CPU
	EndGlobalSection
	GlobalSection(ProjectConfigurationPlatforms) = postSolution
		{EA1920C4-903A-43CB-B07C-13097C2011AD}.Debug|Any CPU.ActiveCfg = Debug|Any CPU
		{EA1920C4-903A-43CB-B07C-13097C2011AD}.Debug|Any CPU.Build.0 = Debug|Any CPU
		{EA1920C4-903A-43CB-B07C-13097C2011AD}.Release|Any CPU.ActiveCfg = Release|Any CPU
		{EA1920C4-903A-43CB-B07C-13097C2011AD}.Release|Any CPU.Build.0 = Release|Any CPU
		{C42A2987-6C43-4ACD-B3A8-AE9539CB58C5}.Debug|Any CPU.ActiveCfg = Debug|Any CPU
		{C42A2987-6C43-4ACD-B3A8-AE9539CB58C5}.Debug|Any CPU.Build.0 = Debug|Any CPU
		{C42A2987-6C43-4ACD-B3A8-AE9539CB58C5}.Release|Any CPU.ActiveCfg = Release|Any CPU
		{C42A2987-6C43-4ACD-B3A8-AE9539CB58C5}.Release|Any CPU.Build.0 = Release|Any CPU
	EndGlobalSection
	GlobalSection(SolutionProperties) = preSolution
		HideSolutionNode = FALSE
	EndGlobalSection
	GlobalSection(ExtensibilityGlobals) = postSolution
		SolutionGuid = {9DBBDF6A-373E-459C-B957-E7BD72AA4C36}
	EndGlobalSection
EndGlobal
